
Microsoft Visual Studio Solution File, Format Version 12.00
# Visual Studio 2013
VisualStudioVersion = 12.0.30723.0
MinimumVisualStudioVersion = 10.0.40219.1
Project("{FAE04EC0-301F-11D3-BF4B-00C04F79EFBC}") = "SPF.Helper", "SPF.Helper\SPF.Helper.csproj", "{8E712061-C743-4721-AD31-B2E5AB5C5A33}"
EndProject
Project("{FAE04EC0-301F-11D3-BF4B-00C04F79EFBC}") = "SPF.ManagementStudio", "SPF.ManagementStudio\SPF.ManagementStudio.csproj", "{7B2371E6-2273-44B0-957E-BD888CF76814}"
EndProject
Project("{FAE04EC0-301F-11D3-BF4B-00C04F79EFBC}") = "SPF.Web", "SPF.Web\SPF.Web.csproj", "{B2061C58-FDBF-40CC-BEDF-41731D1803BF}"
EndProject
Project("{2150E333-8FDC-42A3-9474-1A3956D46DE8}") = "OleDB", "OleDB", "{2CA29138-E25E-49CC-93BF-B3C571ECB04F}"
EndProject
Project("{2150E333-8FDC-42A3-9474-1A3956D46DE8}") = "SPF.MDB", "SPF.MDB", "{B2DB570C-166C-45D5-A7CC-1CB347EFDA32}"
EndProject
Project("{2150E333-8FDC-42A3-9474-1A3956D46DE8}") = "MsSql", "MsSql", "{A7C88E85-3780-4EF9-85AA-E6B0B0FCEBF9}"
EndProject
Project("{2150E333-8FDC-42A3-9474-1A3956D46DE8}") = "MongoDB", "MongoDB", "{5FEB964B-8653-4579-BFB5-DB950756EF87}"
EndProject
Project("{2150E333-8FDC-42A3-9474-1A3956D46DE8}") = "Oracle", "Oracle", "{0E00735E-D552-43B1-B8EC-7E6EE7A32E37}"
EndProject
Project("{FAE04EC0-301F-11D3-BF4B-00C04F79EFBC}") = "SPF.OleDB.Model", "SPF.OleDB.Model\SPF.OleDB.Model.csproj", "{A43ADA5F-122A-4224-A480-F73DD09FC7D4}"
EndProject
Project("{FAE04EC0-301F-11D3-BF4B-00C04F79EFBC}") = "SPF.OleDB.DAL", "SPF.OleDB.DAL\SPF.OleDB.DAL.csproj", "{0DCF7959-1C61-48D5-8490-108E998B3606}"
EndProject
Project("{FAE04EC0-301F-11D3-BF4B-00C04F79EFBC}") = "SPF.OleDB.BLL", "SPF.OleDB.BLL\SPF.OleDB.BLL.csproj", "{0BB045E0-383A-413A-B5DE-5A133E3A1E6E}"
EndProject
Project("{FAE04EC0-301F-11D3-BF4B-00C04F79EFBC}") = "SPF.DBUtility", "SPF.DBUtility\SPF.DBUtility.csproj", "{C8FB9076-3E5A-41B5-8483-5DA6154B89B7}"
EndProject
Project("{FAE04EC0-301F-11D3-BF4B-00C04F79EFBC}") = "SPF.OleDB.DALFactory", "SPF.OleDB.DALFactory\SPF.OleDB.DALFactory.csproj", "{380601C2-AE74-4842-8B0A-9145D27DD6B9}"
EndProject
Project("{FAE04EC0-301F-11D3-BF4B-00C04F79EFBC}") = "SPF.Oledb.IDAL", "SPF.OleDB.IDAL\SPF.OleDB.IDAL.csproj", "{02054995-7CFB-4569-B2B1-E106285AC03E}"
EndProject
Project("{FAE04EC0-301F-11D3-BF4B-00C04F79EFBC}") = "SPF.TestProject", "SPF.TestProject\SPF.TestProject.csproj", "{2DAACB44-9F5D-4F3C-9608-2B6321CAEF14}"
EndProject
Project("{2150E333-8FDC-42A3-9474-1A3956D46DE8}") = "SPF.Website", "SPF.Website", "{BB926BD4-BB5D-4AE6-BE11-3F059E356311}"
EndProject
Project("{FAE04EC0-301F-11D3-BF4B-00C04F79EFBC}") = "SPF.Beetlea.Web", "SPF.Beetlea.Web\SPF.Beetlea.Web.csproj", "{C592E970-6096-4DC3-AC95-B91974C410C5}"
EndProject
Project("{2150E333-8FDC-42A3-9474-1A3956D46DE8}") = "MsSqlServer", "MsSqlServer", "{4D320017-1D8F-4AC2-AB9E-A16786D01D62}"
EndProject
Global
	GlobalSection(SolutionConfigurationPlatforms) = preSolution
		Debug|Any CPU = Debug|Any CPU
		Release|Any CPU = Release|Any CPU
	EndGlobalSection
	GlobalSection(ProjectConfigurationPlatforms) = postSolution
		{8E712061-C743-4721-AD31-B2E5AB5C5A33}.Debug|Any CPU.ActiveCfg = Debug|Any CPU
		{8E712061-C743-4721-AD31-B2E5AB5C5A33}.Debug|Any CPU.Build.0 = Debug|Any CPU
		{8E712061-C743-4721-AD31-B2E5AB5C5A33}.Release|Any CPU.ActiveCfg = Release|Any CPU
		{8E712061-C743-4721-AD31-B2E5AB5C5A33}.Release|Any CPU.Build.0 = Release|Any CPU
		{7B2371E6-2273-44B0-957E-BD888CF76814}.Debug|Any CPU.ActiveCfg = Debug|Any CPU
		{7B2371E6-2273-44B0-957E-BD888CF76814}.Debug|Any CPU.Build.0 = Debug|Any CPU
		{7B2371E6-2273-44B0-957E-BD888CF76814}.Release|Any CPU.ActiveCfg = Release|Any CPU
		{7B2371E6-2273-44B0-957E-BD888CF76814}.Release|Any CPU.Build.0 = Release|Any CPU
		{B2061C58-FDBF-40CC-BEDF-41731D1803BF}.Debug|Any CPU.ActiveCfg = Debug|Any CPU
		{B2061C58-FDBF-40CC-BEDF-41731D1803BF}.Debug|Any CPU.Build.0 = Debug|Any CPU
		{B2061C58-FDBF-40CC-BEDF-41731D1803BF}.Release|Any CPU.ActiveCfg = Release|Any CPU
		{B2061C58-FDBF-40CC-BEDF-41731D1803BF}.Release|Any CPU.Build.0 = Release|Any CPU
		{A43ADA5F-122A-4224-A480-F73DD09FC7D4}.Debug|Any CPU.ActiveCfg = Debug|Any CPU
		{A43ADA5F-122A-4224-A480-F73DD09FC7D4}.Debug|Any CPU.Build.0 = Debug|Any CPU
		{A43ADA5F-122A-4224-A480-F73DD09FC7D4}.Release|Any CPU.ActiveCfg = Release|Any CPU
		{A43ADA5F-122A-4224-A480-F73DD09FC7D4}.Release|Any CPU.Build.0 = Release|Any CPU
		{0DCF7959-1C61-48D5-8490-108E998B3606}.Debug|Any CPU.ActiveCfg = Debug|Any CPU
		{0DCF7959-1C61-48D5-8490-108E998B3606}.Debug|Any CPU.Build.0 = Debug|Any CPU
		{0DCF7959-1C61-48D5-8490-108E998B3606}.Release|Any CPU.ActiveCfg = Release|Any CPU
		{0DCF7959-1C61-48D5-8490-108E998B3606}.Release|Any CPU.Build.0 = Release|Any CPU
		{0BB045E0-383A-413A-B5DE-5A133E3A1E6E}.Debug|Any CPU.ActiveCfg = Debug|Any CPU
		{0BB045E0-383A-413A-B5DE-5A133E3A1E6E}.Debug|Any CPU.Build.0 = Debug|Any CPU
		{0BB045E0-383A-413A-B5DE-5A133E3A1E6E}.Release|Any CPU.ActiveCfg = Release|Any CPU
		{0BB045E0-383A-413A-B5DE-5A133E3A1E6E}.Release|Any CPU.Build.0 = Release|Any CPU
		{C8FB9076-3E5A-41B5-8483-5DA6154B89B7}.Debug|Any CPU.ActiveCfg = Debug|Any CPU
		{C8FB9076-3E5A-41B5-8483-5DA6154B89B7}.Debug|Any CPU.Build.0 = Debug|Any CPU
		{C8FB9076-3E5A-41B5-8483-5DA6154B89B7}.Release|Any CPU.ActiveCfg = Release|Any CPU
		{C8FB9076-3E5A-41B5-8483-5DA6154B89B7}.Release|Any CPU.Build.0 = Release|Any CPU
		{380601C2-AE74-4842-8B0A-9145D27DD6B9}.Debug|Any CPU.ActiveCfg = Debug|Any CPU
		{380601C2-AE74-4842-8B0A-9145D27DD6B9}.Debug|Any CPU.Build.0 = Debug|Any CPU
		{380601C2-AE74-4842-8B0A-9145D27DD6B9}.Release|Any CPU.ActiveCfg = Release|Any CPU
		{380601C2-AE74-4842-8B0A-9145D27DD6B9}.Release|Any CPU.Build.0 = Release|Any CPU
		{02054995-7CFB-4569-B2B1-E106285AC03E}.Debug|Any CPU.ActiveCfg = Debug|Any CPU
		{02054995-7CFB-4569-B2B1-E106285AC03E}.Debug|Any CPU.Build.0 = Debug|Any CPU
		{02054995-7CFB-4569-B2B1-E106285AC03E}.Release|Any CPU.ActiveCfg = Release|Any CPU
		{02054995-7CFB-4569-B2B1-E106285AC03E}.Release|Any CPU.Build.0 = Release|Any CPU
		{2DAACB44-9F5D-4F3C-9608-2B6321CAEF14}.Debug|Any CPU.ActiveCfg = Debug|Any CPU
		{2DAACB44-9F5D-4F3C-9608-2B6321CAEF14}.Debug|Any CPU.Build.0 = Debug|Any CPU
		{2DAACB44-9F5D-4F3C-9608-2B6321CAEF14}.Release|Any CPU.ActiveCfg = Release|Any CPU
		{2DAACB44-9F5D-4F3C-9608-2B6321CAEF14}.Release|Any CPU.Build.0 = Release|Any CPU
		{C592E970-6096-4DC3-AC95-B91974C410C5}.Debug|Any CPU.ActiveCfg = Debug|Any CPU
		{C592E970-6096-4DC3-AC95-B91974C410C5}.Debug|Any CPU.Build.0 = Debug|Any CPU
		{C592E970-6096-4DC3-AC95-B91974C410C5}.Release|Any CPU.ActiveCfg = Release|Any CPU
		{C592E970-6096-4DC3-AC95-B91974C410C5}.Release|Any CPU.Build.0 = Release|Any CPU
	EndGlobalSection
	GlobalSection(SolutionProperties) = preSolution
		HideSolutionNode = FALSE
	EndGlobalSection
	GlobalSection(NestedProjects) = preSolution
		{2CA29138-E25E-49CC-93BF-B3C571ECB04F} = {B2DB570C-166C-45D5-A7CC-1CB347EFDA32}
		{A7C88E85-3780-4EF9-85AA-E6B0B0FCEBF9} = {B2DB570C-166C-45D5-A7CC-1CB347EFDA32}
		{5FEB964B-8653-4579-BFB5-DB950756EF87} = {B2DB570C-166C-45D5-A7CC-1CB347EFDA32}
		{0E00735E-D552-43B1-B8EC-7E6EE7A32E37} = {B2DB570C-166C-45D5-A7CC-1CB347EFDA32}
		{A43ADA5F-122A-4224-A480-F73DD09FC7D4} = {2CA29138-E25E-49CC-93BF-B3C571ECB04F}
		{0DCF7959-1C61-48D5-8490-108E998B3606} = {2CA29138-E25E-49CC-93BF-B3C571ECB04F}
		{0BB045E0-383A-413A-B5DE-5A133E3A1E6E} = {2CA29138-E25E-49CC-93BF-B3C571ECB04F}
		{380601C2-AE74-4842-8B0A-9145D27DD6B9} = {2CA29138-E25E-49CC-93BF-B3C571ECB04F}
		{02054995-7CFB-4569-B2B1-E106285AC03E} = {2CA29138-E25E-49CC-93BF-B3C571ECB04F}
		{C592E970-6096-4DC3-AC95-B91974C410C5} = {BB926BD4-BB5D-4AE6-BE11-3F059E356311}
		{4D320017-1D8F-4AC2-AB9E-A16786D01D62} = {B2DB570C-166C-45D5-A7CC-1CB347EFDA32}
	EndGlobalSection
EndGlobal
